
Microsoft Visual Studio Solution File, Format Version 12.00
# Visual Studio 15
VisualStudioVersion = 15.0.27703.2035
MinimumVisualStudioVersion = 10.0.40219.1
Project("{FAE04EC0-301F-11D3-BF4B-00C04F79EFBC}") = "GW Codex Generator", "GW Codex Generator\GW Codex Generator.csproj", "{601C332B-CEAD-43B9-9FD7-AA30130064B2}"
EndProject
Global
	GlobalSection(SolutionConfigurationPlatforms) = preSolution
		Debug|Any CPU = Debug|Any CPU
		Release|Any CPU = Release|Any CPU
	EndGlobalSection
	GlobalSection(ProjectConfigurationPlatforms) = postSolution
		{601C332B-CEAD-43B9-9FD7-AA30130064B2}.Debug|Any CPU.ActiveCfg = Debug|Any CPU
		{601C332B-CEAD-43B9-9FD7-AA30130064B2}.Debug|Any CPU.Build.0 = Debug|Any CPU
		{601C332B-CEAD-43B9-9FD7-AA30130064B2}.Release|Any CPU.ActiveCfg = Release|Any CPU
		{601C332B-CEAD-43B9-9FD7-AA30130064B2}.Release|Any CPU.Build.0 = Release|Any CPU
	EndGlobalSection
	GlobalSection(SolutionProperties) = preSolution
		HideSolutionNode = FALSE
	EndGlobalSection
	GlobalSection(ExtensibilityGlobals) = postSolution
		SolutionGuid = {AF470D3E-0FAB-4775-A7F8-D5C321266ED8}
	EndGlobalSection
EndGlobal
